
Microsoft Visual Studio Solution File, Format Version 12.00
# Visual Studio Version 16
VisualStudioVersion = 16.0.31624.102
MinimumVisualStudioVersion = 10.0.40219.1
Project("{FAE04EC0-301F-11D3-BF4B-00C04F79EFBC}") = "fd", "fd\fd.csproj", "{86DFCC14-BE57-4197-8121-89AA3CCE52C1}"
EndProject
Global
	GlobalSection(SolutionConfigurationPlatforms) = preSolution
		Debug|Any CPU = Debug|Any CPU
		Release|Any CPU = Release|Any CPU
	EndGlobalSection
	GlobalSection(ProjectConfigurationPlatforms) = postSolution
		{86DFCC14-BE57-4197-8121-89AA3CCE52C1}.Debug|Any CPU.ActiveCfg = Debug|Any CPU
		{86DFCC14-BE57-4197-8121-89AA3CCE52C1}.Debug|Any CPU.Build.0 = Debug|Any CPU
		{86DFCC14-BE57-4197-8121-89AA3CCE52C1}.Release|Any CPU.ActiveCfg = Release|Any CPU
		{86DFCC14-BE57-4197-8121-89AA3CCE52C1}.Release|Any CPU.Build.0 = Release|Any CPU
	EndGlobalSection
	GlobalSection(SolutionProperties) = preSolution
		HideSolutionNode = FALSE
	EndGlobalSection
	GlobalSection(ExtensibilityGlobals) = postSolution
		SolutionGuid = {6722818B-8E9B-488F-863A-140352F3BDF5}
	EndGlobalSection
EndGlobal
